// !$*UTF8*$!
{
	archiveVersion = 1;
	classes = {
	};
	objectVersion = 46;
	objects = {

/* Begin PBXBuildFile section */
		346F293F19C59EE600A91070 /* main.m in Sources */ = {isa = PBXBuildFile; fileRef = 346F293E19C59EE600A91070 /* main.m */; };
		346F294219C59EE600A91070 /* AppDelegate.m in Sources */ = {isa = PBXBuildFile; fileRef = 346F294119C59EE600A91070 /* AppDelegate.m */; };
		346F294519C59EE600A91070 /* FirstViewController.m in Sources */ = {isa = PBXBuildFile; fileRef = 346F294419C59EE600A91070 /* FirstViewController.m */; };
		346F294819C59EE600A91070 /* SecondViewController.m in Sources */ = {isa = PBXBuildFile; fileRef = 346F294719C59EE600A91070 /* SecondViewController.m */; };
		346F294B19C59EE600A91070 /* Main.storyboard in Resources */ = {isa = PBXBuildFile; fileRef = 346F294919C59EE600A91070 /* Main.storyboard */; };
		346F294D19C59EE600A91070 /* Images.xcassets in Resources */ = {isa = PBXBuildFile; fileRef = 346F294C19C59EE600A91070 /* Images.xcassets */; };
		346F295019C59EE600A91070 /* LaunchScreen.xib in Resources */ = {isa = PBXBuildFile; fileRef = 346F294E19C59EE600A91070 /* LaunchScreen.xib */; };
		346F295C19C59EE700A91070 /* exampleTests.m in Sources */ = {isa = PBXBuildFile; fileRef = 346F295B19C59EE700A91070 /* exampleTests.m */; };
/* End PBXBuildFile section */

/* Begin PBXContainerItemProxy section */
		346F295619C59EE700A91070 /* PBXContainerItemProxy */ = {
			isa = PBXContainerItemProxy;
			containerPortal = 346F293119C59EE600A91070 /* Project object */;
			proxyType = 1;
			remoteGlobalIDString = 346F293819C59EE600A91070;
			remoteInfo = example;
		};
/* End PBXContainerItemProxy section */

/* Begin PBXFileReference section */
		346F293919C59EE600A91070 /* example.app */ = {isa = PBXFileReference; explicitFileType = wrapper.application; includeInIndex = 0; path = example.app; sourceTree = BUILT_PRODUCTS_DIR; };
		346F293D19C59EE600A91070 /* Info.plist */ = {isa = PBXFileReference; lastKnownFileType = text.plist.xml; path = Info.plist; sourceTree = "<group>"; };
		346F293E19C59EE600A91070 /* main.m */ = {isa = PBXFileReference; lastKnownFileType = sourcecode.c.objc; path = main.m; sourceTree = "<group>"; };
		346F294019C59EE600A91070 /* AppDelegate.h */ = {isa = PBXFileReference; lastKnownFileType = sourcecode.c.h; path = AppDelegate.h; sourceTree = "<group>"; };
		346F294119C59EE600A91070 /* AppDelegate.m */ = {isa = PBXFileReference; lastKnownFileType = sourcecode.c.objc; path = AppDelegate.m; sourceTree = "<group>"; };
		346F294319C59EE600A91070 /* FirstViewController.h */ = {isa = PBXFileReference; lastKnownFileType = sourcecode.c.h; path = FirstViewController.h; sourceTree = "<group>"; };
		346F294419C59EE600A91070 /* FirstViewController.m */ = {isa = PBXFileReference; lastKnownFileType = sourcecode.c.objc; path = FirstViewController.m; sourceTree = "<group>"; };
		346F294619C59EE600A91070 /* SecondViewController.h */ = {isa = PBXFileReference; lastKnownFileType = sourcecode.c.h; path = SecondViewController.h; sourceTree = "<group>"; };
		346F294719C59EE600A91070 /* SecondViewController.m */ = {isa = PBXFileReference; lastKnownFileType = sourcecode.c.objc; path = SecondViewController.m; sourceTree = "<group>"; };
		346F294A19C59EE600A91070 /* Base */ = {isa = PBXFileReference; lastKnownFileType = file.storyboard; name = Base; path = Base.lproj/Main.storyboard; sourceTree = "<group>"; };
		346F294C19C59EE600A91070 /* Images.xcassets */ = {isa = PBXFileReference; lastKnownFileType = folder.assetcatalog; path = Images.xcassets; sourceTree = "<group>"; };
		346F294F19C59EE600A91070 /* Base */ = {isa = PBXFileReference; lastKnownFileType = file.xib; name = Base; path = Base.lproj/LaunchScreen.xib; sourceTree = "<group>"; };
		346F295519C59EE700A91070 /* exampleTests.xctest */ = {isa = PBXFileReference; explicitFileType = wrapper.cfbundle; includeInIndex = 0; path = exampleTests.xctest; sourceTree = BUILT_PRODUCTS_DIR; };
		346F295A19C59EE700A91070 /* Info.plist */ = {isa = PBXFileReference; lastKnownFileType = text.plist.xml; path = Info.plist; sourceTree = "<group>"; };
		346F295B19C59EE700A91070 /* exampleTests.m */ = {isa = PBXFileReference; lastKnownFileType = sourcecode.c.objc; path = exampleTests.m; sourceTree = "<group>"; };
/* End PBXFileReference section */

/* Begin PBXFrameworksBuildPhase section */
		346F293619C59EE600A91070 /* Frameworks */ = {
			isa = PBXFrameworksBuildPhase;
			buildActionMask = 2147483647;
			files = (
			);
			runOnlyForDeploymentPostprocessing = 0;
		};
		346F295219C59EE700A91070 /* Frameworks */ = {
			isa = PBXFrameworksBuildPhase;
			buildActionMask = 2147483647;
			files = (
			);
			runOnlyForDeploymentPostprocessing = 0;
		};
/* End PBXFrameworksBuildPhase section */

/* Begin PBXGroup section */
		346F293019C59EE600A91070 = {
			isa = PBXGroup;
			children = (
				346F293B19C59EE600A91070 /* example */,
				346F295819C59EE700A91070 /* exampleTests */,
				346F293A19C59EE600A91070 /* Products */,
			);
			sourceTree = "<group>";
		};
		346F293A19C59EE600A91070 /* Products */ = {
			isa = PBXGroup;
			children = (
				346F293919C59EE600A91070 /* example.app */,
				346F295519C59EE700A91070 /* exampleTests.xctest */,
			);
			name = Products;
			sourceTree = "<group>";
		};
		346F293B19C59EE600A91070 /* example */ = {
			isa = PBXGroup;
			children = (
				346F294019C59EE600A91070 /* AppDelegate.h */,
				346F294119C59EE600A91070 /* AppDelegate.m */,
				346F294319C59EE600A91070 /* FirstViewController.h */,
				346F294419C59EE600A91070 /* FirstViewController.m */,
				346F294619C59EE600A91070 /* SecondViewController.h */,
				346F294719C59EE600A91070 /* SecondViewController.m */,
				346F294919C59EE600A91070 /* Main.storyboard */,
				346F294C19C59EE600A91070 /* Images.xcassets */,
				346F294E19C59EE600A91070 /* LaunchScreen.xib */,
				346F293C19C59EE600A91070 /* Supporting Files */,
			);
			path = example;
			sourceTree = "<group>";
		};
		346F293C19C59EE600A91070 /* Supporting Files */ = {
			isa = PBXGroup;
			children = (
				346F293D19C59EE600A91070 /* Info.plist */,
				346F293E19C59EE600A91070 /* main.m */,
			);
			name = "Supporting Files";
			sourceTree = "<group>";
		};
		346F295819C59EE700A91070 /* exampleTests */ = {
			isa = PBXGroup;
			children = (
				346F295B19C59EE700A91070 /* exampleTests.m */,
				346F295919C59EE700A91070 /* Supporting Files */,
			);
			path = exampleTests;
			sourceTree = "<group>";
		};
		346F295919C59EE700A91070 /* Supporting Files */ = {
			isa = PBXGroup;
			children = (
				346F295A19C59EE700A91070 /* Info.plist */,
			);
			name = "Supporting Files";
			sourceTree = "<group>";
		};
/* End PBXGroup section */

/* Begin PBXNativeTarget section */
		346F293819C59EE600A91070 /* example */ = {
			isa = PBXNativeTarget;
			buildConfigurationList = 346F295F19C59EE700A91070 /* Build configuration list for PBXNativeTarget "example" */;
			buildPhases = (
				346F293519C59EE600A91070 /* Sources */,
				346F293619C59EE600A91070 /* Frameworks */,
				346F293719C59EE600A91070 /* Resources */,
			);
			buildRules = (
			);
			dependencies = (
			);
			name = example;
			productName = example;
			productReference = 346F293919C59EE600A91070 /* example.app */;
			productType = "com.apple.product-type.application";
		};
		346F295419C59EE700A91070 /* exampleTests */ = {
			isa = PBXNativeTarget;
			buildConfigurationList = 346F296219C59EE700A91070 /* Build configuration list for PBXNativeTarget "exampleTests" */;
			buildPhases = (
				346F295119C59EE700A91070 /* Sources */,
				346F295219C59EE700A91070 /* Frameworks */,
				346F295319C59EE700A91070 /* Resources */,
			);
			buildRules = (
			);
			dependencies = (
				346F295719C59EE700A91070 /* PBXTargetDependency */,
			);
			name = exampleTests;
			productName = exampleTests;
			productReference = 346F295519C59EE700A91070 /* exampleTests.xctest */;
			productType = "com.apple.product-type.bundle.unit-test";
		};
/* End PBXNativeTarget section */

/* Begin PBXProject section */
		346F293119C59EE600A91070 /* Project object */ = {
			isa = PBXProject;
			attributes = {
				LastUpgradeCheck = 0600;
				ORGANIZATIONNAME = TADA;
				TargetAttributes = {
					346F293819C59EE600A91070 = {
						CreatedOnToolsVersion = 6.0;
					};
					346F295419C59EE700A91070 = {
						CreatedOnToolsVersion = 6.0;
						TestTargetID = 346F293819C59EE600A91070;
					};
				};
			};
			buildConfigurationList = 346F293419C59EE600A91070 /* Build configuration list for PBXProject "example" */;
			compatibilityVersion = "Xcode 3.2";
			developmentRegion = English;
			hasScannedForEncodings = 0;
			knownRegions = (
				en,
				Base,
			);
			mainGroup = 346F293019C59EE600A91070;
			productRefGroup = 346F293A19C59EE600A91070 /* Products */;
			projectDirPath = "";
			projectRoot = "";
			targets = (
				346F293819C59EE600A91070 /* example */,
				346F295419C59EE700A91070 /* exampleTests */,
			);
		};
/* End PBXProject section */

/* Begin PBXResourcesBuildPhase section */
		346F293719C59EE600A91070 /* Resources */ = {
			isa = PBXResourcesBuildPhase;
			buildActionMask = 2147483647;
			files = (
				346F294B19C59EE600A91070 /* Main.storyboard in Resources */,
				346F295019C59EE600A91070 /* LaunchScreen.xib in Resources */,
				346F294D19C59EE600A91070 /* Images.xcassets in Resources */,
			);
			runOnlyForDeploymentPostprocessing = 0;
		};
		346F295319C59EE700A91070 /* Resources */ = {
			isa = PBXResourcesBuildPhase;
			buildActionMask = 2147483647;
			files = (
			);
			runOnlyForDeploymentPostprocessing = 0;
		};
/* End PBXResourcesBuildPhase section */

/* Begin PBXSourcesBuildPhase section */
		346F293519C59EE600A91070 /* Sources */ = {
			isa = PBXSourcesBuildPhase;
			buildActionMask = 2147483647;
			files = (
				346F294819C59EE600A91070 /* SecondViewController.m in Sources */,
				346F294219C59EE600A91070 /* AppDelegate.m in Sources */,
				346F294519C59EE600A91070 /* FirstViewController.m in Sources */,
				346F293F19C59EE600A91070 /* main.m in Sources */,
			);
			runOnlyForDeploymentPostprocessing = 0;
		};
		346F295119C59EE700A91070 /* Sources */ = {
			isa = PBXSourcesBuildPhase;
			buildActionMask = 2147483647;
			files = (
				346F295C19C59EE700A91070 /* exampleTests.m in Sources */,
			);
			runOnlyForDeploymentPostprocessing = 0;
		};
/* End PBXSourcesBuildPhase section */

/* Begin PBXTargetDependency section */
		346F295719C59EE700A91070 /* PBXTargetDependency */ = {
			isa = PBXTargetDependency;
			target = 346F293819C59EE600A91070 /* example */;
			targetProxy = 346F295619C59EE700A91070 /* PBXContainerItemProxy */;
		};
/* End PBXTargetDependency section */

/* Begin PBXVariantGroup section */
		346F294919C59EE600A91070 /* Main.storyboard */ = {
			isa = PBXVariantGroup;
			children = (
				346F294A19C59EE600A91070 /* Base */,
			);
			name = Main.storyboard;
			sourceTree = "<group>";
		};
		346F294E19C59EE600A91070 /* LaunchScreen.xib */ = {
			isa = PBXVariantGroup;
			children = (
				346F294F19C59EE600A91070 /* Base */,
			);
			name = LaunchScreen.xib;
			sourceTree = "<group>";
		};
/* End PBXVariantGroup section */

/* Begin XCBuildConfiguration section */
		346F295D19C59EE700A91070 /* Debug */ = {
			isa = XCBuildConfiguration;
			buildSettings = {
				ALWAYS_SEARCH_USER_PATHS = NO;
				CLANG_CXX_LANGUAGE_STANDARD = "gnu++0x";
				CLANG_CXX_LIBRARY = "libc++";
				CLANG_ENABLE_MODULES = YES;
				CLANG_ENABLE_OBJC_ARC = YES;
				CLANG_WARN_BOOL_CONVERSION = YES;
				CLANG_WARN_CONSTANT_CONVERSION = YES;
				CLANG_WARN_DIRECT_OBJC_ISA_USAGE = YES_ERROR;
				CLANG_WARN_EMPTY_BODY = YES;
				CLANG_WARN_ENUM_CONVERSION = YES;
				CLANG_WARN_INT_CONVERSION = YES;
				CLANG_WARN_OBJC_ROOT_CLASS = YES_ERROR;
				CLANG_WARN_UNREACHABLE_CODE = YES;
				CLANG_WARN__DUPLICATE_METHOD_MATCH = YES;
				"CODE_SIGN_IDENTITY[sdk=iphoneos*]" = "iPhone Developer";
				COPY_PHASE_STRIP = NO;
				ENABLE_STRICT_OBJC_MSGSEND = YES;
				GCC_C_LANGUAGE_STANDARD = gnu99;
				GCC_DYNAMIC_NO_PIC = NO;
				GCC_OPTIMIZATION_LEVEL = 0;
				GCC_PREPROCESSOR_DEFINITIONS = (
					"DEBUG=1",
					"$(inherited)",
				);
				GCC_SYMBOLS_PRIVATE_EXTERN = NO;
				GCC_WARN_64_TO_32_BIT_CONVERSION = YES;
				GCC_WARN_ABOUT_RETURN_TYPE = YES_ERROR;
				GCC_WARN_UNDECLARED_SELECTOR = YES;
				GCC_WARN_UNINITIALIZED_AUTOS = YES_AGGRESSIVE;
				GCC_WARN_UNUSED_FUNCTION = YES;
				GCC_WARN_UNUSED_VARIABLE = YES;
				IPHONEOS_DEPLOYMENT_TARGET = 8.0;
				MTL_ENABLE_DEBUG_INFO = YES;
				ONLY_ACTIVE_ARCH = YES;
				SDKROOT = iphoneos;
				TARGETED_DEVICE_FAMILY = "1,2";
			};
			name = Debug;
		};
		346F295E19C59EE700A91070 /* Release */ = {
			isa = XCBuildConfiguration;
			buildSettings = {
				ALWAYS_SEARCH_USER_PATHS = NO;
				CLANG_CXX_LANGUAGE_STANDARD = "gnu++0x";
				CLANG_CXX_LIBRARY = "libc++";
				CLANG_ENABLE_MODULES = YES;
				CLANG_ENABLE_OBJC_ARC = YES;
				CLANG_WARN_BOOL_CONVERSION = YES;
				CLANG_WARN_CONSTANT_CONVERSION = YES;
				CLANG_WARN_DIRECT_OBJC_ISA_USAGE = YES_ERROR;
				CLANG_WARN_EMPTY_BODY = YES;
				CLANG_WARN_ENUM_CONVERSION = YES;
				CLANG_WARN_INT_CONVERSION = YES;
				CLANG_WARN_OBJC_ROOT_CLASS = YES_ERROR;
				CLANG_WARN_UNREACHABLE_CODE = YES;
				CLANG_WARN__DUPLICATE_METHOD_MATCH = YES;
				"CODE_SIGN_IDENTITY[sdk=iphoneos*]" = "iPhone Developer";
				COPY_PHASE_STRIP = YES;
				ENABLE_NS_ASSERTIONS = NO;
				ENABLE_STRICT_OBJC_MSGSEND = YES;
				GCC_C_LANGUAGE_STANDARD = gnu99;
				GCC_WARN_64_TO_32_BIT_CONVERSION = YES;
				GCC_WARN_ABOUT_RETURN_TYPE = YES_ERROR;
				GCC_WARN_UNDECLARED_SELECTOR = YES;
				GCC_WARN_UNINITIALIZED_AUTOS = YES_AGGRESSIVE;
				GCC_WARN_UNUSED_FUNCTION = YES;
				GCC_WARN_UNUSED_VARIABLE = YES;
				IPHONEOS_DEPLOYMENT_TARGET = 8.0;
				MTL_ENABLE_DEBUG_INFO = NO;
				SDKROOT = iphoneos;
				TARGETED_DEVICE_FAMILY = "1,2";
				VALIDATE_PRODUCT = YES;
			};
			name = Release;
		};
		346F296019C59EE700A91070 /* Debug */ = {
			isa = XCBuildConfiguration;
			buildSettings = {
				ASSETCATALOG_COMPILER_APPICON_NAME = AppIcon;
				INFOPLIST_FILE = example/Info.plist;
				LD_RUNPATH_SEARCH_PATHS = "$(inherited) @executable_path/Frameworks";
				PRODUCT_NAME = example;
			};
			name = Debug;
		};
		346F296119C59EE700A91070 /* Release */ = {
			isa = XCBuildConfiguration;
			buildSettings = {
				ASSETCATALOG_COMPILER_APPICON_NAME = AppIcon;
				INFOPLIST_FILE = example/Info.plist;
				LD_RUNPATH_SEARCH_PATHS = "$(inherited) @executable_path/Frameworks";
				PRODUCT_NAME = example;
			};
			name = Release;
		};
		346F296319C59EE700A91070 /* Debug */ = {
			isa = XCBuildConfiguration;
			buildSettings = {
				BUNDLE_LOADER = "$(TEST_HOST)";
				FRAMEWORK_SEARCH_PATHS = (
					"$(SDKROOT)/Developer/Library/Frameworks",
					"$(inherited)",
				);
				GCC_PREPROCESSOR_DEFINITIONS = (
					"DEBUG=1",
					"$(inherited)",
				);
				INFOPLIST_FILE = exampleTests/Info.plist;
				LD_RUNPATH_SEARCH_PATHS = "$(inherited) @executable_path/Frameworks @loader_path/Frameworks";
				PRODUCT_NAME = exampleTests;
				TEST_HOST = "$(BUILT_PRODUCTS_DIR)/example.app/example";
			};
			name = Debug;
		};
		346F296419C59EE700A91070 /* Release */ = {
			isa = XCBuildConfiguration;
			buildSettings = {
				BUNDLE_LOADER = "$(TEST_HOST)";
				FRAMEWORK_SEARCH_PATHS = (
					"$(SDKROOT)/Developer/Library/Frameworks",
					"$(inherited)",
				);
				INFOPLIST_FILE = exampleTests/Info.plist;
				LD_RUNPATH_SEARCH_PATHS = "$(inherited) @executable_path/Frameworks @loader_path/Frameworks";
				PRODUCT_NAME = exampleTests;
				TEST_HOST = "$(BUILT_PRODUCTS_DIR)/example.app/example";
			};
			name = Release;
		};
/* End XCBuildConfiguration section */

/* Begin XCConfigurationList section */
		346F293419C59EE600A91070 /* Build configuration list for PBXProject "example" */ = {
			isa = XCConfigurationList;
			buildConfigurations = (
				346F295D19C59EE700A91070 /* Debug */,
				346F295E19C59EE700A91070 /* Release */,
			);
			defaultConfigurationIsVisible = 0;
			defaultConfigurationName = Release;
		};
		346F295F19C59EE700A91070 /* Build configuration list for PBXNativeTarget "example" */ = {
			isa = XCConfigurationList;
			buildConfigurations = (
				346F296019C59EE700A91070 /* Debug */,
				346F296119C59EE700A91070 /* Release */,
			);
			defaultConfigurationIsVisible = 0;
			defaultConfigurationName = Release;
		};
		346F296219C59EE700A91070 /* Build configuration list for PBXNativeTarget "exampleTests" */ = {
			isa = XCConfigurationList;
			buildConfigurations = (
				346F296319C59EE700A91070 /* Debug */,
				346F296419C59EE700A91070 /* Release */,
			);
			defaultConfigurationIsVisible = 0;
			defaultConfigurationName = Release;
		};
/* End XCConfigurationList section */
	};
	rootObject = 346F293119C59EE600A91070 /* Project object */;
}
